
Microsoft Visual Studio Solution File, Format Version 12.00
# Visual Studio Version 16
VisualStudioVersion = 16.0.31025.194
MinimumVisualStudioVersion = 10.0.40219.1
Project("{FAE04EC0-301F-11D3-BF4B-00C04F79EFBC}") = "Algoritma2", "Algoritma2\Algoritma2.csproj", "{3AA409B8-AF32-44A3-B664-82BAEE84403C}"
EndProject
Global
	GlobalSection(SolutionConfigurationPlatforms) = preSolution
		Debug|Any CPU = Debug|Any CPU
		Release|Any CPU = Release|Any CPU
	EndGlobalSection
	GlobalSection(ProjectConfigurationPlatforms) = postSolution
		{3AA409B8-AF32-44A3-B664-82BAEE84403C}.Debug|Any CPU.ActiveCfg = Debug|Any CPU
		{3AA409B8-AF32-44A3-B664-82BAEE84403C}.Debug|Any CPU.Build.0 = Debug|Any CPU
		{3AA409B8-AF32-44A3-B664-82BAEE84403C}.Release|Any CPU.ActiveCfg = Release|Any CPU
		{3AA409B8-AF32-44A3-B664-82BAEE84403C}.Release|Any CPU.Build.0 = Release|Any CPU
	EndGlobalSection
	GlobalSection(SolutionProperties) = preSolution
		HideSolutionNode = FALSE
	EndGlobalSection
	GlobalSection(ExtensibilityGlobals) = postSolution
		SolutionGuid = {1A2B1FBC-83A3-44D8-9290-B94574AAB998}
	EndGlobalSection
EndGlobal
